# This file is automatically @generated by Cargo.
# It is not intended for manual editing.
version = 4

[[package]]
name = "array"
version = "0.1.0"
dependencies = [
 "exceptions",
]

[[package]]
name = "data_structures"
version = "0.1.0"
dependencies = [
 "array",
 "exceptions",
 "linked_list",
]

[[package]]
name = "exceptions"
version = "0.1.0"

[[package]]
name = "linked_list"
version = "0.1.0"
dependencies = [
 "exceptions",
]
